
Microsoft Visual Studio Solution File, Format Version 12.00
# Visual Studio Version 17
VisualStudioVersion = 17.3.32901.215
MinimumVisualStudioVersion = 10.0.40219.1
Project("{FAE04EC0-301F-11D3-BF4B-00C04F79EFBC}") = "Ariketa2", "Ariketa2\Ariketa2.csproj", "{5CFD8072-E026-4787-9413-3C36E99B28EA}"
EndProject
Global
	GlobalSection(SolutionConfigurationPlatforms) = preSolution
		Debug|Any CPU = Debug|Any CPU
		Release|Any CPU = Release|Any CPU
	EndGlobalSection
	GlobalSection(ProjectConfigurationPlatforms) = postSolution
		{5CFD8072-E026-4787-9413-3C36E99B28EA}.Debug|Any CPU.ActiveCfg = Debug|Any CPU
		{5CFD8072-E026-4787-9413-3C36E99B28EA}.Debug|Any CPU.Build.0 = Debug|Any CPU
		{5CFD8072-E026-4787-9413-3C36E99B28EA}.Release|Any CPU.ActiveCfg = Release|Any CPU
		{5CFD8072-E026-4787-9413-3C36E99B28EA}.Release|Any CPU.Build.0 = Release|Any CPU
	EndGlobalSection
	GlobalSection(SolutionProperties) = preSolution
		HideSolutionNode = FALSE
	EndGlobalSection
	GlobalSection(ExtensibilityGlobals) = postSolution
		SolutionGuid = {65FE94B4-2679-4453-A9FD-313E65744A81}
	EndGlobalSection
EndGlobal
