
Microsoft Visual Studio Solution File, Format Version 12.00
# Visual Studio Version 17
VisualStudioVersion = 17.3.32901.215
MinimumVisualStudioVersion = 10.0.40219.1
Project("{FAE04EC0-301F-11D3-BF4B-00C04F79EFBC}") = "OinarrizkoKalkulagailua", "OinarrizkoKalkulagailua\OinarrizkoKalkulagailua.csproj", "{75FB24D8-6DE4-40DB-B84A-6A79C6EFB471}"
EndProject
Global
	GlobalSection(SolutionConfigurationPlatforms) = preSolution
		Debug|Any CPU = Debug|Any CPU
		Release|Any CPU = Release|Any CPU
	EndGlobalSection
	GlobalSection(ProjectConfigurationPlatforms) = postSolution
		{75FB24D8-6DE4-40DB-B84A-6A79C6EFB471}.Debug|Any CPU.ActiveCfg = Debug|Any CPU
		{75FB24D8-6DE4-40DB-B84A-6A79C6EFB471}.Debug|Any CPU.Build.0 = Debug|Any CPU
		{75FB24D8-6DE4-40DB-B84A-6A79C6EFB471}.Release|Any CPU.ActiveCfg = Release|Any CPU
		{75FB24D8-6DE4-40DB-B84A-6A79C6EFB471}.Release|Any CPU.Build.0 = Release|Any CPU
	EndGlobalSection
	GlobalSection(SolutionProperties) = preSolution
		HideSolutionNode = FALSE
	EndGlobalSection
	GlobalSection(ExtensibilityGlobals) = postSolution
		SolutionGuid = {F2DEC909-2AF8-4081-A7B3-F9A8F5561209}
	EndGlobalSection
EndGlobal
